
Microsoft Visual Studio Solution File, Format Version 12.00
# Visual Studio Version 17
VisualStudioVersion = 17.5.33502.453
MinimumVisualStudioVersion = 10.0.40219.1
Project("{FAE04EC0-301F-11D3-BF4B-00C04F79EFBC}") = "Socket", "Socket\Socket.csproj", "{7B91BE40-FF2A-49FB-A2D3-696ABC8F5E22}"
EndProject
Project("{FAE04EC0-301F-11D3-BF4B-00C04F79EFBC}") = "API", "API\API.csproj", "{AA66846F-D713-40C6-8BD4-4750DF5F88F9}"
EndProject
Global
	GlobalSection(SolutionConfigurationPlatforms) = preSolution
		Debug|Any CPU = Debug|Any CPU
		Release|Any CPU = Release|Any CPU
	EndGlobalSection
	GlobalSection(ProjectConfigurationPlatforms) = postSolution
		{7B91BE40-FF2A-49FB-A2D3-696ABC8F5E22}.Debug|Any CPU.ActiveCfg = Debug|Any CPU
		{7B91BE40-FF2A-49FB-A2D3-696ABC8F5E22}.Debug|Any CPU.Build.0 = Debug|Any CPU
		{7B91BE40-FF2A-49FB-A2D3-696ABC8F5E22}.Release|Any CPU.ActiveCfg = Release|Any CPU
		{7B91BE40-FF2A-49FB-A2D3-696ABC8F5E22}.Release|Any CPU.Build.0 = Release|Any CPU
		{AA66846F-D713-40C6-8BD4-4750DF5F88F9}.Debug|Any CPU.ActiveCfg = Debug|Any CPU
		{AA66846F-D713-40C6-8BD4-4750DF5F88F9}.Debug|Any CPU.Build.0 = Debug|Any CPU
		{AA66846F-D713-40C6-8BD4-4750DF5F88F9}.Release|Any CPU.ActiveCfg = Release|Any CPU
		{AA66846F-D713-40C6-8BD4-4750DF5F88F9}.Release|Any CPU.Build.0 = Release|Any CPU
	EndGlobalSection
	GlobalSection(SolutionProperties) = preSolution
		HideSolutionNode = FALSE
	EndGlobalSection
	GlobalSection(ExtensibilityGlobals) = postSolution
		SolutionGuid = {34149E86-0A3B-4B95-B50B-C25A381B3AE9}
	EndGlobalSection
EndGlobal
