
Microsoft Visual Studio Solution File, Format Version 12.00
# Visual Studio Version 17
VisualStudioVersion = 17.5.33502.453
MinimumVisualStudioVersion = 10.0.40219.1
Project("{FAE04EC0-301F-11D3-BF4B-00C04F79EFBC}") = "MovieApitTMDB", "MovieApitTMDB\MovieApitTMDB.csproj", "{AA70E0A5-FE9E-455C-BABB-EA928247DF0C}"
EndProject
Global
	GlobalSection(SolutionConfigurationPlatforms) = preSolution
		Debug|Any CPU = Debug|Any CPU
		Release|Any CPU = Release|Any CPU
	EndGlobalSection
	GlobalSection(ProjectConfigurationPlatforms) = postSolution
		{AA70E0A5-FE9E-455C-BABB-EA928247DF0C}.Debug|Any CPU.ActiveCfg = Debug|Any CPU
		{AA70E0A5-FE9E-455C-BABB-EA928247DF0C}.Debug|Any CPU.Build.0 = Debug|Any CPU
		{AA70E0A5-FE9E-455C-BABB-EA928247DF0C}.Release|Any CPU.ActiveCfg = Release|Any CPU
		{AA70E0A5-FE9E-455C-BABB-EA928247DF0C}.Release|Any CPU.Build.0 = Release|Any CPU
	EndGlobalSection
	GlobalSection(SolutionProperties) = preSolution
		HideSolutionNode = FALSE
	EndGlobalSection
	GlobalSection(ExtensibilityGlobals) = postSolution
		SolutionGuid = {34149E86-0A3B-4B95-B50B-C25A381B3AE9}
	EndGlobalSection
EndGlobal
